uuid: 3c556afd-2968-4039-a809-744678e0cbe7
langcode: en
status: true
dependencies:
  module:
    - system
    - twitter_block
  theme:
    - byu_amp_d8
id: byu_amp_d8_twitterblock
theme: byu_amp_d8
region: header
weight: -1
provider: null
plugin: twitter_block
settings:
  id: twitter_block
  label: 'Now @ BYU'
  provider: twitter_block
  label_display: visible
  widget_id: '690316619306835968'
  theme: ''
  link_color: ''
  width: ''
  height: '450'
  chrome:
    transparent: transparent
    noheader: '0'
    nofooter: '0'
    noborders: '0'
    noscrollbar: '0'
  border_color: ''
  language: ''
  tweet_limit: ''
  related: ''
  polite: polite
visibility:
  request_path:
    id: request_path
    pages: '<front>'
    negate: false
    context_mapping: {  }
