uuid: b93b5827-d297-4aa4-9d95-2707ebd2d4b6
langcode: en
status: true
dependencies: {  }
id: d7_custom_block
class: Drupal\migrate\Plugin\Migration
field_plugin_method: null
cck_plugin_method: null
migration_tags:
  - 'Drupal 7'
  - Content
migration_group: migrate_drupal_7
label: 'Custom blocks'
source:
  plugin: d7_block_custom
process:
  id: bid
  info: info
  body/format:
    plugin: migration_lookup
    migration: d7_filter_format
    source: format
  body/value: body
destination:
  plugin: 'entity:block_content'
  default_bundle: basic
  no_stub: true
migration_dependencies:
  required:
    - d7_filter_format
    - block_content_body_field
  optional: {  }
